
Microsoft Visual Studio Solution File, Format Version 12.00
# Visual Studio Version 17
VisualStudioVersion = 17.7.34031.279
MinimumVisualStudioVersion = 10.0.40219.1
Project("{9A19103F-16F7-4668-BE54-9A1E7A4F7556}") = "RobotInterface_Ly_Bordes", "RobotInterface_Ly_Bordes.csproj", "{82B6B538-B844-4808-873A-9AEE3B47FB44}"
EndProject
Project("{9A19103F-16F7-4668-BE54-9A1E7A4F7556}") = "ExtendedSerialPort", "..\ExtendedSerialPort\ExtendedSerialPort\ExtendedSerialPort.csproj", "{48CFE2BC-4131-4EFC-8202-0AE03AA3940C}"
EndProject
Global
	GlobalSection(SolutionConfigurationPlatforms) = preSolution
		Debug|Any CPU = Debug|Any CPU
		Release|Any CPU = Release|Any CPU
	EndGlobalSection
	GlobalSection(ProjectConfigurationPlatforms) = postSolution
		{82B6B538-B844-4808-873A-9AEE3B47FB44}.Debug|Any CPU.ActiveCfg = Debug|Any CPU
		{82B6B538-B844-4808-873A-9AEE3B47FB44}.Debug|Any CPU.Build.0 = Debug|Any CPU
		{82B6B538-B844-4808-873A-9AEE3B47FB44}.Release|Any CPU.ActiveCfg = Release|Any CPU
		{82B6B538-B844-4808-873A-9AEE3B47FB44}.Release|Any CPU.Build.0 = Release|Any CPU
		{48CFE2BC-4131-4EFC-8202-0AE03AA3940C}.Debug|Any CPU.ActiveCfg = Debug|Any CPU
		{48CFE2BC-4131-4EFC-8202-0AE03AA3940C}.Debug|Any CPU.Build.0 = Debug|Any CPU
		{48CFE2BC-4131-4EFC-8202-0AE03AA3940C}.Release|Any CPU.ActiveCfg = Release|Any CPU
		{48CFE2BC-4131-4EFC-8202-0AE03AA3940C}.Release|Any CPU.Build.0 = Release|Any CPU
	EndGlobalSection
	GlobalSection(SolutionProperties) = preSolution
		HideSolutionNode = FALSE
	EndGlobalSection
	GlobalSection(ExtensibilityGlobals) = postSolution
		SolutionGuid = {AFDD269C-11FC-4158-80B2-853B5DDA1FC2}
	EndGlobalSection
EndGlobal
